{
  "name": "workspace",
  "version": "1.0.0",
  "lockfileVersion": 3,
  "requires": true,
  "packages": {
    "": {
      "name": "workspace",
      "version": "1.0.0",
      "license": "ISC",
      "workspaces": [
        "packages/*"
      ]
    },
    "node_modules/a": {
      "resolved": "packages/a",
      "link": true
    },
    "node_modules/b": {
      "resolved": "packages/b",
      "link": true
    },
    "node_modules/components": {
      "resolved": "packages/components",
      "link": true
    },
    "node_modules/dayjs": {
      "version": "1.11.10",
      "resolved": "https://registry.npmmirror.com/dayjs/-/dayjs-1.11.10.tgz",
      "integrity": "sha512-vjAczensTgRcqDERK0SR2XMwsF/tSvnvlv6VcF2GIhg6Sx4yOIt/irsr1RDJsKiIyBzJDpCoXiWWq28MqH2cnQ=="
    },
    "node_modules/docs": {
      "resolved": "packages/docs",
      "link": true
    },
    "packages/a": {
      "version": "1.0.0",
      "license": "ISC",
      "devDependencies": {}
    },
    "packages/b": {
      "version": "1.0.0",
      "license": "ISC",
      "devDependencies": {}
    },
    "packages/components": {
      "version": "1.0.0",
      "license": "ISC",
      "dependencies": {
        "dayjs": "^1.11.10"
      }
    },
    "packages/docs": {
      "version": "1.0.0",
      "license": "ISC"
    }
  }
}
